
Microsoft Visual Studio Solution File, Format Version 12.00
# Visual Studio Version 17
VisualStudioVersion = 17.9.34728.123
MinimumVisualStudioVersion = 10.0.40219.1
Project("{FAE04EC0-301F-11D3-BF4B-00C04F79EFBC}") = "Tic Tac Toe AL", "Tic Tac Toe AL\Tic Tac Toe AL.csproj", "{3F51C023-DE7C-43FB-B708-562E87556962}"
EndProject
Global
	GlobalSection(SolutionConfigurationPlatforms) = preSolution
		Debug|Any CPU = Debug|Any CPU
		Release|Any CPU = Release|Any CPU
	EndGlobalSection
	GlobalSection(ProjectConfigurationPlatforms) = postSolution
		{3F51C023-DE7C-43FB-B708-562E87556962}.Debug|Any CPU.ActiveCfg = Debug|Any CPU
		{3F51C023-DE7C-43FB-B708-562E87556962}.Debug|Any CPU.Build.0 = Debug|Any CPU
		{3F51C023-DE7C-43FB-B708-562E87556962}.Release|Any CPU.ActiveCfg = Release|Any CPU
		{3F51C023-DE7C-43FB-B708-562E87556962}.Release|Any CPU.Build.0 = Release|Any CPU
	EndGlobalSection
	GlobalSection(SolutionProperties) = preSolution
		HideSolutionNode = FALSE
	EndGlobalSection
	GlobalSection(ExtensibilityGlobals) = postSolution
		SolutionGuid = {F947AE87-F532-45A8-A6DB-D177FFDD66F1}
	EndGlobalSection
EndGlobal
